
Microsoft Visual Studio Solution File, Format Version 12.00
# Visual Studio Version 17
VisualStudioVersion = 17.5.002.0
MinimumVisualStudioVersion = 10.0.40219.1
Project("{9A19103F-16F7-4668-BE54-9A1E7A4F7556}") = "Linq", "Linq.csproj", "{9E783A9D-1BCC-4005-929A-B29A17694C16}"
EndProject
Global
	GlobalSection(SolutionConfigurationPlatforms) = preSolution
		Debug|Any CPU = Debug|Any CPU
		Release|Any CPU = Release|Any CPU
	EndGlobalSection
	GlobalSection(ProjectConfigurationPlatforms) = postSolution
		{9E783A9D-1BCC-4005-929A-B29A17694C16}.Debug|Any CPU.ActiveCfg = Debug|Any CPU
		{9E783A9D-1BCC-4005-929A-B29A17694C16}.Debug|Any CPU.Build.0 = Debug|Any CPU
		{9E783A9D-1BCC-4005-929A-B29A17694C16}.Release|Any CPU.ActiveCfg = Release|Any CPU
		{9E783A9D-1BCC-4005-929A-B29A17694C16}.Release|Any CPU.Build.0 = Release|Any CPU
	EndGlobalSection
	GlobalSection(SolutionProperties) = preSolution
		HideSolutionNode = FALSE
	EndGlobalSection
	GlobalSection(ExtensibilityGlobals) = postSolution
		SolutionGuid = {7E1105AD-7E1D-416E-B176-4D77A42E090F}
	EndGlobalSection
EndGlobal
